
Microsoft Visual Studio Solution File, Format Version 12.00
# Visual Studio Version 17
VisualStudioVersion = 17.3.32804.467
MinimumVisualStudioVersion = 10.0.40219.1
Project("{FAE04EC0-301F-11D3-BF4B-00C04F79EFBC}") = "Morse", "Morse\Morse.csproj", "{3F298177-3225-48D8-89B7-75EC083F3C31}"
EndProject
Global
	GlobalSection(SolutionConfigurationPlatforms) = preSolution
		Debug|Any CPU = Debug|Any CPU
		Release|Any CPU = Release|Any CPU
	EndGlobalSection
	GlobalSection(ProjectConfigurationPlatforms) = postSolution
		{3F298177-3225-48D8-89B7-75EC083F3C31}.Debug|Any CPU.ActiveCfg = Debug|Any CPU
		{3F298177-3225-48D8-89B7-75EC083F3C31}.Debug|Any CPU.Build.0 = Debug|Any CPU
		{3F298177-3225-48D8-89B7-75EC083F3C31}.Release|Any CPU.ActiveCfg = Release|Any CPU
		{3F298177-3225-48D8-89B7-75EC083F3C31}.Release|Any CPU.Build.0 = Release|Any CPU
	EndGlobalSection
	GlobalSection(SolutionProperties) = preSolution
		HideSolutionNode = FALSE
	EndGlobalSection
	GlobalSection(ExtensibilityGlobals) = postSolution
		SolutionGuid = {845FA223-770B-40D0-A643-7A26E3E3689C}
	EndGlobalSection
EndGlobal
